
Microsoft Visual Studio Solution File, Format Version 12.00
# Visual Studio Version 17
VisualStudioVersion = 17.4.33122.133
MinimumVisualStudioVersion = 10.0.40219.1
Project("{FAE04EC0-301F-11D3-BF4B-00C04F79EFBC}") = "GitHubReleaseUpdater", "GitHubReleaseUpdater\GitHubReleaseUpdater.csproj", "{70ECC1E6-DEA1-4C6B-8A77-7545FA736C87}"
EndProject
Global
	GlobalSection(SolutionConfigurationPlatforms) = preSolution
		Debug|Any CPU = Debug|Any CPU
		Release|Any CPU = Release|Any CPU
	EndGlobalSection
	GlobalSection(ProjectConfigurationPlatforms) = postSolution
		{70ECC1E6-DEA1-4C6B-8A77-7545FA736C87}.Debug|Any CPU.ActiveCfg = Debug|Any CPU
		{70ECC1E6-DEA1-4C6B-8A77-7545FA736C87}.Debug|Any CPU.Build.0 = Debug|Any CPU
		{70ECC1E6-DEA1-4C6B-8A77-7545FA736C87}.Release|Any CPU.ActiveCfg = Release|Any CPU
		{70ECC1E6-DEA1-4C6B-8A77-7545FA736C87}.Release|Any CPU.Build.0 = Release|Any CPU
	EndGlobalSection
	GlobalSection(SolutionProperties) = preSolution
		HideSolutionNode = FALSE
	EndGlobalSection
	GlobalSection(ExtensibilityGlobals) = postSolution
		SolutionGuid = {4C9F543A-B4B9-4151-B363-767804B9D84E}
	EndGlobalSection
EndGlobal
